
Microsoft Visual Studio Solution File, Format Version 12.00
Project("{F2A71F9B-5D33-465A-A702-920D77279786}") = "TodoApp.ConsoleApp", "TodoApp.ConsoleApp\TodoApp.ConsoleApp.fsproj", "{164C4A27-DC4C-479D-B3A5-507433EDEB77}"
EndProject
Global
	GlobalSection(SolutionConfigurationPlatforms) = preSolution
		Debug|Any CPU = Debug|Any CPU
		Release|Any CPU = Release|Any CPU
	EndGlobalSection
	GlobalSection(ProjectConfigurationPlatforms) = postSolution
		{164C4A27-DC4C-479D-B3A5-507433EDEB77}.Debug|Any CPU.ActiveCfg = Debug|Any CPU
		{164C4A27-DC4C-479D-B3A5-507433EDEB77}.Debug|Any CPU.Build.0 = Debug|Any CPU
		{164C4A27-DC4C-479D-B3A5-507433EDEB77}.Release|Any CPU.ActiveCfg = Release|Any CPU
		{164C4A27-DC4C-479D-B3A5-507433EDEB77}.Release|Any CPU.Build.0 = Release|Any CPU
	EndGlobalSection
EndGlobal
